// !$*UTF8*$!
{
	archiveVersion = 1;
	classes = {
	};
	objectVersion = 56;
	objects = {

/* Begin PBXBuildFile section */
		810815302A39C97A00DA0E4A /* HexagonParameters.swift in Sources */ = {isa = PBXBuildFile; fileRef = 8108152F2A39C97A00DA0E4A /* HexagonParameters.swift */; };
		810815322A39DEB000DA0E4A /* BadgeBackground.swift in Sources */ = {isa = PBXBuildFile; fileRef = 810815312A39DEB000DA0E4A /* BadgeBackground.swift */; };
		810815352A39F2E200DA0E4A /* FontSize.swift in Sources */ = {isa = PBXBuildFile; fileRef = 810815342A39F2E200DA0E4A /* FontSize.swift */; };
		810815372A39F36A00DA0E4A /* Colors.swift in Sources */ = {isa = PBXBuildFile; fileRef = 810815362A39F36A00DA0E4A /* Colors.swift */; };
		810815392A39FAA900DA0E4A /* BadgeSymbol.swift in Sources */ = {isa = PBXBuildFile; fileRef = 810815382A39FAA900DA0E4A /* BadgeSymbol.swift */; };
		8108153B2A39FC5100DA0E4A /* RotatedBadgeSymbol.swift in Sources */ = {isa = PBXBuildFile; fileRef = 8108153A2A39FC5100DA0E4A /* RotatedBadgeSymbol.swift */; };
		8108153D2A39FD4900DA0E4A /* Badge.swift in Sources */ = {isa = PBXBuildFile; fileRef = 8108153C2A39FD4900DA0E4A /* Badge.swift */; };
		8108153F2A3A086E00DA0E4A /* hikeData.json in Resources */ = {isa = PBXBuildFile; fileRef = 8108153E2A3A086E00DA0E4A /* hikeData.json */; };
		810815412A3A08F800DA0E4A /* Hike.swift in Sources */ = {isa = PBXBuildFile; fileRef = 810815402A3A08F800DA0E4A /* Hike.swift */; };
		810815472A3A0B8100DA0E4A /* GraphCapsule.swift in Sources */ = {isa = PBXBuildFile; fileRef = 810815432A3A0B8100DA0E4A /* GraphCapsule.swift */; };
		810815482A3A0B8100DA0E4A /* HikeGraph.swift in Sources */ = {isa = PBXBuildFile; fileRef = 810815442A3A0B8100DA0E4A /* HikeGraph.swift */; };
		810815492A3A0B8100DA0E4A /* HikeDetail.swift in Sources */ = {isa = PBXBuildFile; fileRef = 810815452A3A0B8100DA0E4A /* HikeDetail.swift */; };
		8108154A2A3A0B8100DA0E4A /* HikeView.swift in Sources */ = {isa = PBXBuildFile; fileRef = 810815462A3A0B8100DA0E4A /* HikeView.swift */; };
		819B8D5F2A380C1700D7D495 /* landmarkData.json in Resources */ = {isa = PBXBuildFile; fileRef = 819B8D5E2A380C1700D7D495 /* landmarkData.json */; };
		819B8D652A381EC000D7D495 /* Landmark.swift in Sources */ = {isa = PBXBuildFile; fileRef = 819B8D642A381EC000D7D495 /* Landmark.swift */; };
		819B8D672A3827AC00D7D495 /* ModelData.swift in Sources */ = {isa = PBXBuildFile; fileRef = 819B8D662A3827AC00D7D495 /* ModelData.swift */; };
		819B8D692A38574800D7D495 /* LandmarkRow.swift in Sources */ = {isa = PBXBuildFile; fileRef = 819B8D682A38574800D7D495 /* LandmarkRow.swift */; };
		819B8D6B2A3863F500D7D495 /* LandmarkList.swift in Sources */ = {isa = PBXBuildFile; fileRef = 819B8D6A2A3863F500D7D495 /* LandmarkList.swift */; };
		819B8D6D2A3867E300D7D495 /* LandmarkDetail.swift in Sources */ = {isa = PBXBuildFile; fileRef = 819B8D6C2A3867E300D7D495 /* LandmarkDetail.swift */; };
		819B8D6F2A38B89800D7D495 /* FavoriteButton.swift in Sources */ = {isa = PBXBuildFile; fileRef = 819B8D6E2A38B89800D7D495 /* FavoriteButton.swift */; };
		819B8D732A38CA6E00D7D495 /* ToggleFavorite.swift in Sources */ = {isa = PBXBuildFile; fileRef = 819B8D722A38CA6E00D7D495 /* ToggleFavorite.swift */; };
		81B7D49C2A3AC9310061E290 /* Extens.swift in Sources */ = {isa = PBXBuildFile; fileRef = 81B7D49B2A3AC9310061E290 /* Extens.swift */; };
		81FD5DC42A36E712001B7087 /* LandmarksApp.swift in Sources */ = {isa = PBXBuildFile; fileRef = 81FD5DC32A36E712001B7087 /* LandmarksApp.swift */; };
		81FD5DC62A36E712001B7087 /* ContentView.swift in Sources */ = {isa = PBXBuildFile; fileRef = 81FD5DC52A36E712001B7087 /* ContentView.swift */; };
		81FD5DC82A36E712001B7087 /* Assets.xcassets in Resources */ = {isa = PBXBuildFile; fileRef = 81FD5DC72A36E712001B7087 /* Assets.xcassets */; };
		81FD5DCB2A36E712001B7087 /* Preview Assets.xcassets in Resources */ = {isa = PBXBuildFile; fileRef = 81FD5DCA2A36E712001B7087 /* Preview Assets.xcassets */; };
		81FD5DD22A371B93001B7087 /* CircleImage.swift in Sources */ = {isa = PBXBuildFile; fileRef = 81FD5DD12A371B93001B7087 /* CircleImage.swift */; };
		81FD5DD42A371E7B001B7087 /* MapView.swift in Sources */ = {isa = PBXBuildFile; fileRef = 81FD5DD32A371E7B001B7087 /* MapView.swift */; };
/* End PBXBuildFile section */

/* Begin PBXFileReference section */
		8108152F2A39C97A00DA0E4A /* HexagonParameters.swift */ = {isa = PBXFileReference; lastKnownFileType = sourcecode.swift; path = HexagonParameters.swift; sourceTree = "<group>"; };
		810815312A39DEB000DA0E4A /* BadgeBackground.swift */ = {isa = PBXFileReference; lastKnownFileType = sourcecode.swift; path = BadgeBackground.swift; sourceTree = "<group>"; };
		810815342A39F2E200DA0E4A /* FontSize.swift */ = {isa = PBXFileReference; lastKnownFileType = sourcecode.swift; path = FontSize.swift; sourceTree = "<group>"; };
		810815362A39F36A00DA0E4A /* Colors.swift */ = {isa = PBXFileReference; lastKnownFileType = sourcecode.swift; path = Colors.swift; sourceTree = "<group>"; };
		810815382A39FAA900DA0E4A /* BadgeSymbol.swift */ = {isa = PBXFileReference; lastKnownFileType = sourcecode.swift; path = BadgeSymbol.swift; sourceTree = "<group>"; };
		8108153A2A39FC5100DA0E4A /* RotatedBadgeSymbol.swift */ = {isa = PBXFileReference; lastKnownFileType = sourcecode.swift; path = RotatedBadgeSymbol.swift; sourceTree = "<group>"; };
		8108153C2A39FD4900DA0E4A /* Badge.swift */ = {isa = PBXFileReference; lastKnownFileType = sourcecode.swift; path = Badge.swift; sourceTree = "<group>"; };
		8108153E2A3A086E00DA0E4A /* hikeData.json */ = {isa = PBXFileReference; fileEncoding = 4; lastKnownFileType = text.json; path = hikeData.json; sourceTree = "<group>"; };
		810815402A3A08F800DA0E4A /* Hike.swift */ = {isa = PBXFileReference; lastKnownFileType = sourcecode.swift; path = Hike.swift; sourceTree = "<group>"; };
		810815432A3A0B8100DA0E4A /* GraphCapsule.swift */ = {isa = PBXFileReference; fileEncoding = 4; lastKnownFileType = sourcecode.swift; path = GraphCapsule.swift; sourceTree = "<group>"; };
		810815442A3A0B8100DA0E4A /* HikeGraph.swift */ = {isa = PBXFileReference; fileEncoding = 4; lastKnownFileType = sourcecode.swift; path = HikeGraph.swift; sourceTree = "<group>"; };
		810815452A3A0B8100DA0E4A /* HikeDetail.swift */ = {isa = PBXFileReference; fileEncoding = 4; lastKnownFileType = sourcecode.swift; path = HikeDetail.swift; sourceTree = "<group>"; };
		810815462A3A0B8100DA0E4A /* HikeView.swift */ = {isa = PBXFileReference; fileEncoding = 4; lastKnownFileType = sourcecode.swift; path = HikeView.swift; sourceTree = "<group>"; };
		819B8D5E2A380C1700D7D495 /* landmarkData.json */ = {isa = PBXFileReference; fileEncoding = 4; lastKnownFileType = text.json; path = landmarkData.json; sourceTree = "<group>"; };
		819B8D642A381EC000D7D495 /* Landmark.swift */ = {isa = PBXFileReference; lastKnownFileType = sourcecode.swift; path = Landmark.swift; sourceTree = "<group>"; };
		819B8D662A3827AC00D7D495 /* ModelData.swift */ = {isa = PBXFileReference; lastKnownFileType = sourcecode.swift; path = ModelData.swift; sourceTree = "<group>"; };
		819B8D682A38574800D7D495 /* LandmarkRow.swift */ = {isa = PBXFileReference; lastKnownFileType = sourcecode.swift; path = LandmarkRow.swift; sourceTree = "<group>"; };
		819B8D6A2A3863F500D7D495 /* LandmarkList.swift */ = {isa = PBXFileReference; lastKnownFileType = sourcecode.swift; path = LandmarkList.swift; sourceTree = "<group>"; };
		819B8D6C2A3867E300D7D495 /* LandmarkDetail.swift */ = {isa = PBXFileReference; lastKnownFileType = sourcecode.swift; path = LandmarkDetail.swift; sourceTree = "<group>"; };
		819B8D6E2A38B89800D7D495 /* FavoriteButton.swift */ = {isa = PBXFileReference; lastKnownFileType = sourcecode.swift; path = FavoriteButton.swift; sourceTree = "<group>"; };
		819B8D722A38CA6E00D7D495 /* ToggleFavorite.swift */ = {isa = PBXFileReference; lastKnownFileType = sourcecode.swift; path = ToggleFavorite.swift; sourceTree = "<group>"; };
		81B7D49B2A3AC9310061E290 /* Extens.swift */ = {isa = PBXFileReference; lastKnownFileType = sourcecode.swift; path = Extens.swift; sourceTree = "<group>"; };
		81FD5DC02A36E712001B7087 /* Landmarks.app */ = {isa = PBXFileReference; explicitFileType = wrapper.application; includeInIndex = 0; path = Landmarks.app; sourceTree = BUILT_PRODUCTS_DIR; };
		81FD5DC32A36E712001B7087 /* LandmarksApp.swift */ = {isa = PBXFileReference; lastKnownFileType = sourcecode.swift; path = LandmarksApp.swift; sourceTree = "<group>"; };
		81FD5DC52A36E712001B7087 /* ContentView.swift */ = {isa = PBXFileReference; lastKnownFileType = sourcecode.swift; path = ContentView.swift; sourceTree = "<group>"; };
		81FD5DC72A36E712001B7087 /* Assets.xcassets */ = {isa = PBXFileReference; lastKnownFileType = folder.assetcatalog; path = Assets.xcassets; sourceTree = "<group>"; };
		81FD5DCA2A36E712001B7087 /* Preview Assets.xcassets */ = {isa = PBXFileReference; lastKnownFileType = folder.assetcatalog; path = "Preview Assets.xcassets"; sourceTree = "<group>"; };
		81FD5DD12A371B93001B7087 /* CircleImage.swift */ = {isa = PBXFileReference; lastKnownFileType = sourcecode.swift; path = CircleImage.swift; sourceTree = "<group>"; };
		81FD5DD32A371E7B001B7087 /* MapView.swift */ = {isa = PBXFileReference; lastKnownFileType = sourcecode.swift; path = MapView.swift; sourceTree = "<group>"; };
/* End PBXFileReference section */

/* Begin PBXFrameworksBuildPhase section */
		81FD5DBD2A36E712001B7087 /* Frameworks */ = {
			isa = PBXFrameworksBuildPhase;
			buildActionMask = 2147483647;
			files = (
			);
			runOnlyForDeploymentPostprocessing = 0;
		};
/* End PBXFrameworksBuildPhase section */

/* Begin PBXGroup section */
		8108152E2A39C96500DA0E4A /* Badges */ = {
			isa = PBXGroup;
			children = (
				8108152F2A39C97A00DA0E4A /* HexagonParameters.swift */,
				810815312A39DEB000DA0E4A /* BadgeBackground.swift */,
				810815382A39FAA900DA0E4A /* BadgeSymbol.swift */,
				8108153A2A39FC5100DA0E4A /* RotatedBadgeSymbol.swift */,
				8108153C2A39FD4900DA0E4A /* Badge.swift */,
			);
			path = Badges;
			sourceTree = "<group>";
		};
		810815332A39F2B800DA0E4A /* Utils */ = {
			isa = PBXGroup;
			children = (
				810815342A39F2E200DA0E4A /* FontSize.swift */,
				810815362A39F36A00DA0E4A /* Colors.swift */,
				81B7D49B2A3AC9310061E290 /* Extens.swift */,
			);
			path = Utils;
			sourceTree = "<group>";
		};
		810815422A3A0B8100DA0E4A /* Hikes */ = {
			isa = PBXGroup;
			children = (
				810815432A3A0B8100DA0E4A /* GraphCapsule.swift */,
				810815442A3A0B8100DA0E4A /* HikeGraph.swift */,
				810815452A3A0B8100DA0E4A /* HikeDetail.swift */,
				810815462A3A0B8100DA0E4A /* HikeView.swift */,
			);
			path = Hikes;
			sourceTree = "<group>";
		};
		819B8D5D2A380BFE00D7D495 /* Resources */ = {
			isa = PBXGroup;
			children = (
				8108153E2A3A086E00DA0E4A /* hikeData.json */,
				819B8D5E2A380C1700D7D495 /* landmarkData.json */,
			);
			path = Resources;
			sourceTree = "<group>";
		};
		819B8D602A380DC700D7D495 /* Model */ = {
			isa = PBXGroup;
			children = (
				819B8D642A381EC000D7D495 /* Landmark.swift */,
				819B8D662A3827AC00D7D495 /* ModelData.swift */,
				810815402A3A08F800DA0E4A /* Hike.swift */,
			);
			path = Model;
			sourceTree = "<group>";
		};
		819B8D612A381BD100D7D495 /* Views */ = {
			isa = PBXGroup;
			children = (
				810815422A3A0B8100DA0E4A /* Hikes */,
				8108152E2A39C96500DA0E4A /* Badges */,
				81FD5DC52A36E712001B7087 /* ContentView.swift */,
				819B8D712A38BE3B00D7D495 /* Helpers */,
				819B8D702A38BE2700D7D495 /* Landmark */,
			);
			path = Views;
			sourceTree = "<group>";
		};
		819B8D702A38BE2700D7D495 /* Landmark */ = {
			isa = PBXGroup;
			children = (
				819B8D6A2A3863F500D7D495 /* LandmarkList.swift */,
				819B8D6C2A3867E300D7D495 /* LandmarkDetail.swift */,
			);
			path = Landmark;
			sourceTree = "<group>";
		};
		819B8D712A38BE3B00D7D495 /* Helpers */ = {
			isa = PBXGroup;
			children = (
				819B8D682A38574800D7D495 /* LandmarkRow.swift */,
				81FD5DD12A371B93001B7087 /* CircleImage.swift */,
				81FD5DD32A371E7B001B7087 /* MapView.swift */,
				819B8D6E2A38B89800D7D495 /* FavoriteButton.swift */,
				819B8D722A38CA6E00D7D495 /* ToggleFavorite.swift */,
			);
			path = Helpers;
			sourceTree = "<group>";
		};
		81FD5DB72A36E712001B7087 = {
			isa = PBXGroup;
			children = (
				81FD5DC22A36E712001B7087 /* Landmarks */,
				81FD5DC12A36E712001B7087 /* Products */,
			);
			sourceTree = "<group>";
		};
		81FD5DC12A36E712001B7087 /* Products */ = {
			isa = PBXGroup;
			children = (
				81FD5DC02A36E712001B7087 /* Landmarks.app */,
			);
			name = Products;
			sourceTree = "<group>";
		};
		81FD5DC22A36E712001B7087 /* Landmarks */ = {
			isa = PBXGroup;
			children = (
				810815332A39F2B800DA0E4A /* Utils */,
				819B8D602A380DC700D7D495 /* Model */,
				819B8D5D2A380BFE00D7D495 /* Resources */,
				81FD5DC32A36E712001B7087 /* LandmarksApp.swift */,
				819B8D612A381BD100D7D495 /* Views */,
				81FD5DC72A36E712001B7087 /* Assets.xcassets */,
				81FD5DC92A36E712001B7087 /* Preview Content */,
			);
			path = Landmarks;
			sourceTree = "<group>";
		};
		81FD5DC92A36E712001B7087 /* Preview Content */ = {
			isa = PBXGroup;
			children = (
				81FD5DCA2A36E712001B7087 /* Preview Assets.xcassets */,
			);
			path = "Preview Content";
			sourceTree = "<group>";
		};
/* End PBXGroup section */

/* Begin PBXNativeTarget section */
		81FD5DBF2A36E712001B7087 /* Landmarks */ = {
			isa = PBXNativeTarget;
			buildConfigurationList = 81FD5DCE2A36E712001B7087 /* Build configuration list for PBXNativeTarget "Landmarks" */;
			buildPhases = (
				81FD5DBC2A36E712001B7087 /* Sources */,
				81FD5DBD2A36E712001B7087 /* Frameworks */,
				81FD5DBE2A36E712001B7087 /* Resources */,
			);
			buildRules = (
			);
			dependencies = (
			);
			name = Landmarks;
			productName = Landmarks;
			productReference = 81FD5DC02A36E712001B7087 /* Landmarks.app */;
			productType = "com.apple.product-type.application";
		};
/* End PBXNativeTarget section */

/* Begin PBXProject section */
		81FD5DB82A36E712001B7087 /* Project object */ = {
			isa = PBXProject;
			attributes = {
				BuildIndependentTargetsInParallel = 1;
				LastSwiftUpdateCheck = 1410;
				LastUpgradeCheck = 1410;
				TargetAttributes = {
					81FD5DBF2A36E712001B7087 = {
						CreatedOnToolsVersion = 14.1;
					};
				};
			};
			buildConfigurationList = 81FD5DBB2A36E712001B7087 /* Build configuration list for PBXProject "Landmarks" */;
			compatibilityVersion = "Xcode 14.0";
			developmentRegion = en;
			hasScannedForEncodings = 0;
			knownRegions = (
				en,
				Base,
			);
			mainGroup = 81FD5DB72A36E712001B7087;
			productRefGroup = 81FD5DC12A36E712001B7087 /* Products */;
			projectDirPath = "";
			projectRoot = "";
			targets = (
				81FD5DBF2A36E712001B7087 /* Landmarks */,
			);
		};
/* End PBXProject section */

/* Begin PBXResourcesBuildPhase section */
		81FD5DBE2A36E712001B7087 /* Resources */ = {
			isa = PBXResourcesBuildPhase;
			buildActionMask = 2147483647;
			files = (
				8108153F2A3A086E00DA0E4A /* hikeData.json in Resources */,
				81FD5DCB2A36E712001B7087 /* Preview Assets.xcassets in Resources */,
				81FD5DC82A36E712001B7087 /* Assets.xcassets in Resources */,
				819B8D5F2A380C1700D7D495 /* landmarkData.json in Resources */,
			);
			runOnlyForDeploymentPostprocessing = 0;
		};
/* End PBXResourcesBuildPhase section */

/* Begin PBXSourcesBuildPhase section */
		81FD5DBC2A36E712001B7087 /* Sources */ = {
			isa = PBXSourcesBuildPhase;
			buildActionMask = 2147483647;
			files = (
				810815472A3A0B8100DA0E4A /* GraphCapsule.swift in Sources */,
				810815302A39C97A00DA0E4A /* HexagonParameters.swift in Sources */,
				810815372A39F36A00DA0E4A /* Colors.swift in Sources */,
				81FD5DC62A36E712001B7087 /* ContentView.swift in Sources */,
				810815482A3A0B8100DA0E4A /* HikeGraph.swift in Sources */,
				810815412A3A08F800DA0E4A /* Hike.swift in Sources */,
				81FD5DD42A371E7B001B7087 /* MapView.swift in Sources */,
				810815492A3A0B8100DA0E4A /* HikeDetail.swift in Sources */,
				81FD5DC42A36E712001B7087 /* LandmarksApp.swift in Sources */,
				8108153B2A39FC5100DA0E4A /* RotatedBadgeSymbol.swift in Sources */,
				810815392A39FAA900DA0E4A /* BadgeSymbol.swift in Sources */,
				8108153D2A39FD4900DA0E4A /* Badge.swift in Sources */,
				819B8D6F2A38B89800D7D495 /* FavoriteButton.swift in Sources */,
				819B8D6B2A3863F500D7D495 /* LandmarkList.swift in Sources */,
				819B8D6D2A3867E300D7D495 /* LandmarkDetail.swift in Sources */,
				8108154A2A3A0B8100DA0E4A /* HikeView.swift in Sources */,
				81FD5DD22A371B93001B7087 /* CircleImage.swift in Sources */,
				810815322A39DEB000DA0E4A /* BadgeBackground.swift in Sources */,
				819B8D652A381EC000D7D495 /* Landmark.swift in Sources */,
				819B8D692A38574800D7D495 /* LandmarkRow.swift in Sources */,
				819B8D732A38CA6E00D7D495 /* ToggleFavorite.swift in Sources */,
				819B8D672A3827AC00D7D495 /* ModelData.swift in Sources */,
				810815352A39F2E200DA0E4A /* FontSize.swift in Sources */,
				81B7D49C2A3AC9310061E290 /* Extens.swift in Sources */,
			);
			runOnlyForDeploymentPostprocessing = 0;
		};
/* End PBXSourcesBuildPhase section */

/* Begin XCBuildConfiguration section */
		81FD5DCC2A36E712001B7087 /* Debug */ = {
			isa = XCBuildConfiguration;
			buildSettings = {
				ALWAYS_SEARCH_USER_PATHS = NO;
				CLANG_ANALYZER_NONNULL = YES;
				CLANG_ANALYZER_NUMBER_OBJECT_CONVERSION = YES_AGGRESSIVE;
				CLANG_CXX_LANGUAGE_STANDARD = "gnu++20";
				CLANG_ENABLE_MODULES = YES;
				CLANG_ENABLE_OBJC_ARC = YES;
				CLANG_ENABLE_OBJC_WEAK = YES;
				CLANG_WARN_BLOCK_CAPTURE_AUTORELEASING = YES;
				CLANG_WARN_BOOL_CONVERSION = YES;
				CLANG_WARN_COMMA = YES;
				CLANG_WARN_CONSTANT_CONVERSION = YES;
				CLANG_WARN_DEPRECATED_OBJC_IMPLEMENTATIONS = YES;
				CLANG_WARN_DIRECT_OBJC_ISA_USAGE = YES_ERROR;
				CLANG_WARN_DOCUMENTATION_COMMENTS = YES;
				CLANG_WARN_EMPTY_BODY = YES;
				CLANG_WARN_ENUM_CONVERSION = YES;
				CLANG_WARN_INFINITE_RECURSION = YES;
				CLANG_WARN_INT_CONVERSION = YES;
				CLANG_WARN_NON_LITERAL_NULL_CONVERSION = YES;
				CLANG_WARN_OBJC_IMPLICIT_RETAIN_SELF = YES;
				CLANG_WARN_OBJC_LITERAL_CONVERSION = YES;
				CLANG_WARN_OBJC_ROOT_CLASS = YES_ERROR;
				CLANG_WARN_QUOTED_INCLUDE_IN_FRAMEWORK_HEADER = YES;
				CLANG_WARN_RANGE_LOOP_ANALYSIS = YES;
				CLANG_WARN_STRICT_PROTOTYPES = YES;
				CLANG_WARN_SUSPICIOUS_MOVE = YES;
				CLANG_WARN_UNGUARDED_AVAILABILITY = YES_AGGRESSIVE;
				CLANG_WARN_UNREACHABLE_CODE = YES;
				CLANG_WARN__DUPLICATE_METHOD_MATCH = YES;
				COPY_PHASE_STRIP = NO;
				DEBUG_INFORMATION_FORMAT = dwarf;
				ENABLE_STRICT_OBJC_MSGSEND = YES;
				ENABLE_TESTABILITY = YES;
				GCC_C_LANGUAGE_STANDARD = gnu11;
				GCC_DYNAMIC_NO_PIC = NO;
				GCC_NO_COMMON_BLOCKS = YES;
				GCC_OPTIMIZATION_LEVEL = 0;
				GCC_PREPROCESSOR_DEFINITIONS = (
					"DEBUG=1",
					"$(inherited)",
				);
				GCC_WARN_64_TO_32_BIT_CONVERSION = YES;
				GCC_WARN_ABOUT_RETURN_TYPE = YES_ERROR;
				GCC_WARN_UNDECLARED_SELECTOR = YES;
				GCC_WARN_UNINITIALIZED_AUTOS = YES_AGGRESSIVE;
				GCC_WARN_UNUSED_FUNCTION = YES;
				GCC_WARN_UNUSED_VARIABLE = YES;
				IPHONEOS_DEPLOYMENT_TARGET = 16.1;
				MTL_ENABLE_DEBUG_INFO = INCLUDE_SOURCE;
				MTL_FAST_MATH = YES;
				ONLY_ACTIVE_ARCH = YES;
				SDKROOT = iphoneos;
				SWIFT_ACTIVE_COMPILATION_CONDITIONS = DEBUG;
				SWIFT_OPTIMIZATION_LEVEL = "-Onone";
			};
			name = Debug;
		};
		81FD5DCD2A36E712001B7087 /* Release */ = {
			isa = XCBuildConfiguration;
			buildSettings = {
				ALWAYS_SEARCH_USER_PATHS = NO;
				CLANG_ANALYZER_NONNULL = YES;
				CLANG_ANALYZER_NUMBER_OBJECT_CONVERSION = YES_AGGRESSIVE;
				CLANG_CXX_LANGUAGE_STANDARD = "gnu++20";
				CLANG_ENABLE_MODULES = YES;
				CLANG_ENABLE_OBJC_ARC = YES;
				CLANG_ENABLE_OBJC_WEAK = YES;
				CLANG_WARN_BLOCK_CAPTURE_AUTORELEASING = YES;
				CLANG_WARN_BOOL_CONVERSION = YES;
				CLANG_WARN_COMMA = YES;
				CLANG_WARN_CONSTANT_CONVERSION = YES;
				CLANG_WARN_DEPRECATED_OBJC_IMPLEMENTATIONS = YES;
				CLANG_WARN_DIRECT_OBJC_ISA_USAGE = YES_ERROR;
				CLANG_WARN_DOCUMENTATION_COMMENTS = YES;
				CLANG_WARN_EMPTY_BODY = YES;
				CLANG_WARN_ENUM_CONVERSION = YES;
				CLANG_WARN_INFINITE_RECURSION = YES;
				CLANG_WARN_INT_CONVERSION = YES;
				CLANG_WARN_NON_LITERAL_NULL_CONVERSION = YES;
				CLANG_WARN_OBJC_IMPLICIT_RETAIN_SELF = YES;
				CLANG_WARN_OBJC_LITERAL_CONVERSION = YES;
				CLANG_WARN_OBJC_ROOT_CLASS = YES_ERROR;
				CLANG_WARN_QUOTED_INCLUDE_IN_FRAMEWORK_HEADER = YES;
				CLANG_WARN_RANGE_LOOP_ANALYSIS = YES;
				CLANG_WARN_STRICT_PROTOTYPES = YES;
				CLANG_WARN_SUSPICIOUS_MOVE = YES;
				CLANG_WARN_UNGUARDED_AVAILABILITY = YES_AGGRESSIVE;
				CLANG_WARN_UNREACHABLE_CODE = YES;
				CLANG_WARN__DUPLICATE_METHOD_MATCH = YES;
				COPY_PHASE_STRIP = NO;
				DEBUG_INFORMATION_FORMAT = "dwarf-with-dsym";
				ENABLE_NS_ASSERTIONS = NO;
				ENABLE_STRICT_OBJC_MSGSEND = YES;
				GCC_C_LANGUAGE_STANDARD = gnu11;
				GCC_NO_COMMON_BLOCKS = YES;
				GCC_WARN_64_TO_32_BIT_CONVERSION = YES;
				GCC_WARN_ABOUT_RETURN_TYPE = YES_ERROR;
				GCC_WARN_UNDECLARED_SELECTOR = YES;
				GCC_WARN_UNINITIALIZED_AUTOS = YES_AGGRESSIVE;
				GCC_WARN_UNUSED_FUNCTION = YES;
				GCC_WARN_UNUSED_VARIABLE = YES;
				IPHONEOS_DEPLOYMENT_TARGET = 16.1;
				MTL_ENABLE_DEBUG_INFO = NO;
				MTL_FAST_MATH = YES;
				SDKROOT = iphoneos;
				SWIFT_COMPILATION_MODE = wholemodule;
				SWIFT_OPTIMIZATION_LEVEL = "-O";
				VALIDATE_PRODUCT = YES;
			};
			name = Release;
		};
		81FD5DCF2A36E712001B7087 /* Debug */ = {
			isa = XCBuildConfiguration;
			buildSettings = {
				ASSETCATALOG_COMPILER_APPICON_NAME = AppIcon;
				ASSETCATALOG_COMPILER_GLOBAL_ACCENT_COLOR_NAME = AccentColor;
				CODE_SIGN_STYLE = Automatic;
				CURRENT_PROJECT_VERSION = 1;
				DEVELOPMENT_ASSET_PATHS = "\"Landmarks/Preview Content\"";
				DEVELOPMENT_TEAM = C4WV7W3736;
				ENABLE_PREVIEWS = YES;
				GENERATE_INFOPLIST_FILE = YES;
				INFOPLIST_KEY_UIApplicationSceneManifest_Generation = YES;
				INFOPLIST_KEY_UIApplicationSupportsIndirectInputEvents = YES;
				INFOPLIST_KEY_UILaunchScreen_Generation = YES;
				INFOPLIST_KEY_UISupportedInterfaceOrientations = UIInterfaceOrientationPortrait;
				LD_RUNPATH_SEARCH_PATHS = (
					"$(inherited)",
					"@executable_path/Frameworks",
				);
				MARKETING_VERSION = 1.0;
				PRODUCT_BUNDLE_IDENTIFIER = th.co.tyre.Landmarks;
				PRODUCT_NAME = "$(TARGET_NAME)";
				SWIFT_EMIT_LOC_STRINGS = YES;
				SWIFT_VERSION = 5.0;
				TARGETED_DEVICE_FAMILY = "1,2";
			};
			name = Debug;
		};
		81FD5DD02A36E712001B7087 /* Release */ = {
			isa = XCBuildConfiguration;
			buildSettings = {
				ASSETCATALOG_COMPILER_APPICON_NAME = AppIcon;
				ASSETCATALOG_COMPILER_GLOBAL_ACCENT_COLOR_NAME = AccentColor;
				CODE_SIGN_STYLE = Automatic;
				CURRENT_PROJECT_VERSION = 1;
				DEVELOPMENT_ASSET_PATHS = "\"Landmarks/Preview Content\"";
				DEVELOPMENT_TEAM = C4WV7W3736;
				ENABLE_PREVIEWS = YES;
				GENERATE_INFOPLIST_FILE = YES;
				INFOPLIST_KEY_UIApplicationSceneManifest_Generation = YES;
				INFOPLIST_KEY_UIApplicationSupportsIndirectInputEvents = YES;
				INFOPLIST_KEY_UILaunchScreen_Generation = YES;
				INFOPLIST_KEY_UISupportedInterfaceOrientations = UIInterfaceOrientationPortrait;
				LD_RUNPATH_SEARCH_PATHS = (
					"$(inherited)",
					"@executable_path/Frameworks",
				);
				MARKETING_VERSION = 1.0;
				PRODUCT_BUNDLE_IDENTIFIER = th.co.tyre.Landmarks;
				PRODUCT_NAME = "$(TARGET_NAME)";
				SWIFT_EMIT_LOC_STRINGS = YES;
				SWIFT_VERSION = 5.0;
				TARGETED_DEVICE_FAMILY = "1,2";
			};
			name = Release;
		};
/* End XCBuildConfiguration section */

/* Begin XCConfigurationList section */
		81FD5DBB2A36E712001B7087 /* Build configuration list for PBXProject "Landmarks" */ = {
			isa = XCConfigurationList;
			buildConfigurations = (
				81FD5DCC2A36E712001B7087 /* Debug */,
				81FD5DCD2A36E712001B7087 /* Release */,
			);
			defaultConfigurationIsVisible = 0;
			defaultConfigurationName = Release;
		};
		81FD5DCE2A36E712001B7087 /* Build configuration list for PBXNativeTarget "Landmarks" */ = {
			isa = XCConfigurationList;
			buildConfigurations = (
				81FD5DCF2A36E712001B7087 /* Debug */,
				81FD5DD02A36E712001B7087 /* Release */,
			);
			defaultConfigurationIsVisible = 0;
			defaultConfigurationName = Release;
		};
/* End XCConfigurationList section */
	};
	rootObject = 81FD5DB82A36E712001B7087 /* Project object */;
}
